// !$*UTF8*$!
{
	archiveVersion = 1;
	classes = {
	};
	objectVersion = 50;
	objects = {

/* Begin PBXBuildFile section */
		856B113024B0C555004C1E3A /* Extensions.swift in Sources */ = {isa = PBXBuildFile; fileRef = 856B112F24B0C555004C1E3A /* Extensions.swift */; };
		856B113224B0C7AD004C1E3A /* UploadPostController.swift in Sources */ = {isa = PBXBuildFile; fileRef = 856B113124B0C7AD004C1E3A /* UploadPostController.swift */; };
		856B113424B0C7B7004C1E3A /* SearchController.swift in Sources */ = {isa = PBXBuildFile; fileRef = 856B113324B0C7B7004C1E3A /* SearchController.swift */; };
		856B113624B0C7CA004C1E3A /* NotificationController.swift in Sources */ = {isa = PBXBuildFile; fileRef = 856B113524B0C7CA004C1E3A /* NotificationController.swift */; };
		856B113824B0E088004C1E3A /* ProfileHeader.swift in Sources */ = {isa = PBXBuildFile; fileRef = 856B113724B0E088004C1E3A /* ProfileHeader.swift */; };
		856B113B24B0E177004C1E3A /* User.swift in Sources */ = {isa = PBXBuildFile; fileRef = 856B113A24B0E177004C1E3A /* User.swift */; };
		85CD734624B5A549004DD785 /* ProfileFilterView.swift in Sources */ = {isa = PBXBuildFile; fileRef = 85CD734524B5A549004DD785 /* ProfileFilterView.swift */; };
		85CD734824B5A6F9004DD785 /* ProfileFilterCell.swift in Sources */ = {isa = PBXBuildFile; fileRef = 85CD734724B5A6F9004DD785 /* ProfileFilterCell.swift */; };
		85DB72ED24B0719300F9CFE9 /* AppDelegate.swift in Sources */ = {isa = PBXBuildFile; fileRef = 85DB72EC24B0719300F9CFE9 /* AppDelegate.swift */; };
		85DB72EF24B0719300F9CFE9 /* SceneDelegate.swift in Sources */ = {isa = PBXBuildFile; fileRef = 85DB72EE24B0719300F9CFE9 /* SceneDelegate.swift */; };
		85DB72F424B0719300F9CFE9 /* Main.storyboard in Resources */ = {isa = PBXBuildFile; fileRef = 85DB72F224B0719300F9CFE9 /* Main.storyboard */; };
		85DB72F624B0719500F9CFE9 /* Assets.xcassets in Resources */ = {isa = PBXBuildFile; fileRef = 85DB72F524B0719500F9CFE9 /* Assets.xcassets */; };
		85DB72F924B0719500F9CFE9 /* LaunchScreen.storyboard in Resources */ = {isa = PBXBuildFile; fileRef = 85DB72F724B0719500F9CFE9 /* LaunchScreen.storyboard */; };
		85DB730324B078B600F9CFE9 /* MainTabController.swift in Sources */ = {isa = PBXBuildFile; fileRef = 85DB730224B078B600F9CFE9 /* MainTabController.swift */; };
		85DB730524B07A7800F9CFE9 /* ProfileController.swift in Sources */ = {isa = PBXBuildFile; fileRef = 85DB730424B07A7800F9CFE9 /* ProfileController.swift */; };
		85DB730724B07B3100F9CFE9 /* FeedController.swift in Sources */ = {isa = PBXBuildFile; fileRef = 85DB730624B07B3100F9CFE9 /* FeedController.swift */; };
/* End PBXBuildFile section */

/* Begin PBXFileReference section */
		856B112F24B0C555004C1E3A /* Extensions.swift */ = {isa = PBXFileReference; lastKnownFileType = sourcecode.swift; path = Extensions.swift; sourceTree = "<group>"; };
		856B113124B0C7AD004C1E3A /* UploadPostController.swift */ = {isa = PBXFileReference; lastKnownFileType = sourcecode.swift; path = UploadPostController.swift; sourceTree = "<group>"; };
		856B113324B0C7B7004C1E3A /* SearchController.swift */ = {isa = PBXFileReference; lastKnownFileType = sourcecode.swift; path = SearchController.swift; sourceTree = "<group>"; };
		856B113524B0C7CA004C1E3A /* NotificationController.swift */ = {isa = PBXFileReference; lastKnownFileType = sourcecode.swift; path = NotificationController.swift; sourceTree = "<group>"; };
		856B113724B0E088004C1E3A /* ProfileHeader.swift */ = {isa = PBXFileReference; lastKnownFileType = sourcecode.swift; path = ProfileHeader.swift; sourceTree = "<group>"; };
		856B113A24B0E177004C1E3A /* User.swift */ = {isa = PBXFileReference; lastKnownFileType = sourcecode.swift; path = User.swift; sourceTree = "<group>"; };
		85CD734524B5A549004DD785 /* ProfileFilterView.swift */ = {isa = PBXFileReference; lastKnownFileType = sourcecode.swift; path = ProfileFilterView.swift; sourceTree = "<group>"; };
		85CD734724B5A6F9004DD785 /* ProfileFilterCell.swift */ = {isa = PBXFileReference; lastKnownFileType = sourcecode.swift; path = ProfileFilterCell.swift; sourceTree = "<group>"; };
		85DB72E924B0719300F9CFE9 /* Instagram_profile.app */ = {isa = PBXFileReference; explicitFileType = wrapper.application; includeInIndex = 0; path = Instagram_profile.app; sourceTree = BUILT_PRODUCTS_DIR; };
		85DB72EC24B0719300F9CFE9 /* AppDelegate.swift */ = {isa = PBXFileReference; lastKnownFileType = sourcecode.swift; path = AppDelegate.swift; sourceTree = "<group>"; };
		85DB72EE24B0719300F9CFE9 /* SceneDelegate.swift */ = {isa = PBXFileReference; lastKnownFileType = sourcecode.swift; path = SceneDelegate.swift; sourceTree = "<group>"; };
		85DB72F324B0719300F9CFE9 /* Base */ = {isa = PBXFileReference; lastKnownFileType = file.storyboard; name = Base; path = Base.lproj/Main.storyboard; sourceTree = "<group>"; };
		85DB72F524B0719500F9CFE9 /* Assets.xcassets */ = {isa = PBXFileReference; lastKnownFileType = folder.assetcatalog; path = Assets.xcassets; sourceTree = "<group>"; };
		85DB72F824B0719500F9CFE9 /* Base */ = {isa = PBXFileReference; lastKnownFileType = file.storyboard; name = Base; path = Base.lproj/LaunchScreen.storyboard; sourceTree = "<group>"; };
		85DB72FA24B0719500F9CFE9 /* Info.plist */ = {isa = PBXFileReference; lastKnownFileType = text.plist.xml; path = Info.plist; sourceTree = "<group>"; };
		85DB730224B078B600F9CFE9 /* MainTabController.swift */ = {isa = PBXFileReference; lastKnownFileType = sourcecode.swift; path = MainTabController.swift; sourceTree = "<group>"; };
		85DB730424B07A7800F9CFE9 /* ProfileController.swift */ = {isa = PBXFileReference; lastKnownFileType = sourcecode.swift; path = ProfileController.swift; sourceTree = "<group>"; };
		85DB730624B07B3100F9CFE9 /* FeedController.swift */ = {isa = PBXFileReference; lastKnownFileType = sourcecode.swift; path = FeedController.swift; sourceTree = "<group>"; };
/* End PBXFileReference section */

/* Begin PBXFrameworksBuildPhase section */
		85DB72E624B0719300F9CFE9 /* Frameworks */ = {
			isa = PBXFrameworksBuildPhase;
			buildActionMask = 2147483647;
			files = (
			);
			runOnlyForDeploymentPostprocessing = 0;
		};
/* End PBXFrameworksBuildPhase section */

/* Begin PBXGroup section */
		856B112E24B0C4BD004C1E3A /* Utils */ = {
			isa = PBXGroup;
			children = (
				856B112F24B0C555004C1E3A /* Extensions.swift */,
			);
			path = Utils;
			sourceTree = "<group>";
		};
		856B113924B0E16D004C1E3A /* Model */ = {
			isa = PBXGroup;
			children = (
				856B113A24B0E177004C1E3A /* User.swift */,
			);
			path = Model;
			sourceTree = "<group>";
		};
		85DB72E024B0719300F9CFE9 = {
			isa = PBXGroup;
			children = (
				85DB72EB24B0719300F9CFE9 /* Instagram_profile */,
				85DB72EA24B0719300F9CFE9 /* Products */,
			);
			sourceTree = "<group>";
		};
		85DB72EA24B0719300F9CFE9 /* Products */ = {
			isa = PBXGroup;
			children = (
				85DB72E924B0719300F9CFE9 /* Instagram_profile.app */,
			);
			name = Products;
			sourceTree = "<group>";
		};
		85DB72EB24B0719300F9CFE9 /* Instagram_profile */ = {
			isa = PBXGroup;
			children = (
				856B113924B0E16D004C1E3A /* Model */,
				85DB730024B0786900F9CFE9 /* View */,
				85DB730124B0786E00F9CFE9 /* Controller */,
				856B112E24B0C4BD004C1E3A /* Utils */,
				85DB72EC24B0719300F9CFE9 /* AppDelegate.swift */,
				85DB72EE24B0719300F9CFE9 /* SceneDelegate.swift */,
				85DB72F224B0719300F9CFE9 /* Main.storyboard */,
				85DB72F524B0719500F9CFE9 /* Assets.xcassets */,
				85DB72F724B0719500F9CFE9 /* LaunchScreen.storyboard */,
				85DB72FA24B0719500F9CFE9 /* Info.plist */,
			);
			path = Instagram_profile;
			sourceTree = "<group>";
		};
		85DB730024B0786900F9CFE9 /* View */ = {
			isa = PBXGroup;
			children = (
				856B113724B0E088004C1E3A /* ProfileHeader.swift */,
				85CD734524B5A549004DD785 /* ProfileFilterView.swift */,
				85CD734724B5A6F9004DD785 /* ProfileFilterCell.swift */,
			);
			path = View;
			sourceTree = "<group>";
		};
		85DB730124B0786E00F9CFE9 /* Controller */ = {
			isa = PBXGroup;
			children = (
				85DB730224B078B600F9CFE9 /* MainTabController.swift */,
				85DB730424B07A7800F9CFE9 /* ProfileController.swift */,
				85DB730624B07B3100F9CFE9 /* FeedController.swift */,
				856B113124B0C7AD004C1E3A /* UploadPostController.swift */,
				856B113324B0C7B7004C1E3A /* SearchController.swift */,
				856B113524B0C7CA004C1E3A /* NotificationController.swift */,
			);
			path = Controller;
			sourceTree = "<group>";
		};
/* End PBXGroup section */

/* Begin PBXNativeTarget section */
		85DB72E824B0719300F9CFE9 /* Instagram_profile */ = {
			isa = PBXNativeTarget;
			buildConfigurationList = 85DB72FD24B0719500F9CFE9 /* Build configuration list for PBXNativeTarget "Instagram_profile" */;
			buildPhases = (
				85DB72E524B0719300F9CFE9 /* Sources */,
				85DB72E624B0719300F9CFE9 /* Frameworks */,
				85DB72E724B0719300F9CFE9 /* Resources */,
			);
			buildRules = (
			);
			dependencies = (
			);
			name = Instagram_profile;
			productName = Instagram_profile;
			productReference = 85DB72E924B0719300F9CFE9 /* Instagram_profile.app */;
			productType = "com.apple.product-type.application";
		};
/* End PBXNativeTarget section */

/* Begin PBXProject section */
		85DB72E124B0719300F9CFE9 /* Project object */ = {
			isa = PBXProject;
			attributes = {
				LastSwiftUpdateCheck = 1130;
				LastUpgradeCheck = 1130;
				ORGANIZATIONNAME = "ISSEY MIYAMOTO";
				TargetAttributes = {
					85DB72E824B0719300F9CFE9 = {
						CreatedOnToolsVersion = 11.3;
					};
				};
			};
			buildConfigurationList = 85DB72E424B0719300F9CFE9 /* Build configuration list for PBXProject "Instagram_profile" */;
			compatibilityVersion = "Xcode 9.3";
			developmentRegion = en;
			hasScannedForEncodings = 0;
			knownRegions = (
				en,
				Base,
			);
			mainGroup = 85DB72E024B0719300F9CFE9;
			productRefGroup = 85DB72EA24B0719300F9CFE9 /* Products */;
			projectDirPath = "";
			projectRoot = "";
			targets = (
				85DB72E824B0719300F9CFE9 /* Instagram_profile */,
			);
		};
/* End PBXProject section */

/* Begin PBXResourcesBuildPhase section */
		85DB72E724B0719300F9CFE9 /* Resources */ = {
			isa = PBXResourcesBuildPhase;
			buildActionMask = 2147483647;
			files = (
				85DB72F924B0719500F9CFE9 /* LaunchScreen.storyboard in Resources */,
				85DB72F624B0719500F9CFE9 /* Assets.xcassets in Resources */,
				85DB72F424B0719300F9CFE9 /* Main.storyboard in Resources */,
			);
			runOnlyForDeploymentPostprocessing = 0;
		};
/* End PBXResourcesBuildPhase section */

/* Begin PBXSourcesBuildPhase section */
		85DB72E524B0719300F9CFE9 /* Sources */ = {
			isa = PBXSourcesBuildPhase;
			buildActionMask = 2147483647;
			files = (
				856B113224B0C7AD004C1E3A /* UploadPostController.swift in Sources */,
				85DB72ED24B0719300F9CFE9 /* AppDelegate.swift in Sources */,
				85CD734824B5A6F9004DD785 /* ProfileFilterCell.swift in Sources */,
				856B113024B0C555004C1E3A /* Extensions.swift in Sources */,
				856B113424B0C7B7004C1E3A /* SearchController.swift in Sources */,
				85DB72EF24B0719300F9CFE9 /* SceneDelegate.swift in Sources */,
				85DB730724B07B3100F9CFE9 /* FeedController.swift in Sources */,
				856B113624B0C7CA004C1E3A /* NotificationController.swift in Sources */,
				85DB730324B078B600F9CFE9 /* MainTabController.swift in Sources */,
				85CD734624B5A549004DD785 /* ProfileFilterView.swift in Sources */,
				856B113824B0E088004C1E3A /* ProfileHeader.swift in Sources */,
				85DB730524B07A7800F9CFE9 /* ProfileController.swift in Sources */,
				856B113B24B0E177004C1E3A /* User.swift in Sources */,
			);
			runOnlyForDeploymentPostprocessing = 0;
		};
/* End PBXSourcesBuildPhase section */

/* Begin PBXVariantGroup section */
		85DB72F224B0719300F9CFE9 /* Main.storyboard */ = {
			isa = PBXVariantGroup;
			children = (
				85DB72F324B0719300F9CFE9 /* Base */,
			);
			name = Main.storyboard;
			sourceTree = "<group>";
		};
		85DB72F724B0719500F9CFE9 /* LaunchScreen.storyboard */ = {
			isa = PBXVariantGroup;
			children = (
				85DB72F824B0719500F9CFE9 /* Base */,
			);
			name = LaunchScreen.storyboard;
			sourceTree = "<group>";
		};
/* End PBXVariantGroup section */

/* Begin XCBuildConfiguration section */
		85DB72FB24B0719500F9CFE9 /* Debug */ = {
			isa = XCBuildConfiguration;
			buildSettings = {
				ALWAYS_SEARCH_USER_PATHS = NO;
				CLANG_ANALYZER_NONNULL = YES;
				CLANG_ANALYZER_NUMBER_OBJECT_CONVERSION = YES_AGGRESSIVE;
				CLANG_CXX_LANGUAGE_STANDARD = "gnu++14";
				CLANG_CXX_LIBRARY = "libc++";
				CLANG_ENABLE_MODULES = YES;
				CLANG_ENABLE_OBJC_ARC = YES;
				CLANG_ENABLE_OBJC_WEAK = YES;
				CLANG_WARN_BLOCK_CAPTURE_AUTORELEASING = YES;
				CLANG_WARN_BOOL_CONVERSION = YES;
				CLANG_WARN_COMMA = YES;
				CLANG_WARN_CONSTANT_CONVERSION = YES;
				CLANG_WARN_DEPRECATED_OBJC_IMPLEMENTATIONS = YES;
				CLANG_WARN_DIRECT_OBJC_ISA_USAGE = YES_ERROR;
				CLANG_WARN_DOCUMENTATION_COMMENTS = YES;
				CLANG_WARN_EMPTY_BODY = YES;
				CLANG_WARN_ENUM_CONVERSION = YES;
				CLANG_WARN_INFINITE_RECURSION = YES;
				CLANG_WARN_INT_CONVERSION = YES;
				CLANG_WARN_NON_LITERAL_NULL_CONVERSION = YES;
				CLANG_WARN_OBJC_IMPLICIT_RETAIN_SELF = YES;
				CLANG_WARN_OBJC_LITERAL_CONVERSION = YES;
				CLANG_WARN_OBJC_ROOT_CLASS = YES_ERROR;
				CLANG_WARN_RANGE_LOOP_ANALYSIS = YES;
				CLANG_WARN_STRICT_PROTOTYPES = YES;
				CLANG_WARN_SUSPICIOUS_MOVE = YES;
				CLANG_WARN_UNGUARDED_AVAILABILITY = YES_AGGRESSIVE;
				CLANG_WARN_UNREACHABLE_CODE = YES;
				CLANG_WARN__DUPLICATE_METHOD_MATCH = YES;
				COPY_PHASE_STRIP = NO;
				DEBUG_INFORMATION_FORMAT = dwarf;
				ENABLE_STRICT_OBJC_MSGSEND = YES;
				ENABLE_TESTABILITY = YES;
				GCC_C_LANGUAGE_STANDARD = gnu11;
				GCC_DYNAMIC_NO_PIC = NO;
				GCC_NO_COMMON_BLOCKS = YES;
				GCC_OPTIMIZATION_LEVEL = 0;
				GCC_PREPROCESSOR_DEFINITIONS = (
					"DEBUG=1",
					"$(inherited)",
				);
				GCC_WARN_64_TO_32_BIT_CONVERSION = YES;
				GCC_WARN_ABOUT_RETURN_TYPE = YES_ERROR;
				GCC_WARN_UNDECLARED_SELECTOR = YES;
				GCC_WARN_UNINITIALIZED_AUTOS = YES_AGGRESSIVE;
				GCC_WARN_UNUSED_FUNCTION = YES;
				GCC_WARN_UNUSED_VARIABLE = YES;
				IPHONEOS_DEPLOYMENT_TARGET = 13.2;
				MTL_ENABLE_DEBUG_INFO = INCLUDE_SOURCE;
				MTL_FAST_MATH = YES;
				ONLY_ACTIVE_ARCH = YES;
				SDKROOT = iphoneos;
				SWIFT_ACTIVE_COMPILATION_CONDITIONS = DEBUG;
				SWIFT_OPTIMIZATION_LEVEL = "-Onone";
			};
			name = Debug;
		};
		85DB72FC24B0719500F9CFE9 /* Release */ = {
			isa = XCBuildConfiguration;
			buildSettings = {
				ALWAYS_SEARCH_USER_PATHS = NO;
				CLANG_ANALYZER_NONNULL = YES;
				CLANG_ANALYZER_NUMBER_OBJECT_CONVERSION = YES_AGGRESSIVE;
				CLANG_CXX_LANGUAGE_STANDARD = "gnu++14";
				CLANG_CXX_LIBRARY = "libc++";
				CLANG_ENABLE_MODULES = YES;
				CLANG_ENABLE_OBJC_ARC = YES;
				CLANG_ENABLE_OBJC_WEAK = YES;
				CLANG_WARN_BLOCK_CAPTURE_AUTORELEASING = YES;
				CLANG_WARN_BOOL_CONVERSION = YES;
				CLANG_WARN_COMMA = YES;
				CLANG_WARN_CONSTANT_CONVERSION = YES;
				CLANG_WARN_DEPRECATED_OBJC_IMPLEMENTATIONS = YES;
				CLANG_WARN_DIRECT_OBJC_ISA_USAGE = YES_ERROR;
				CLANG_WARN_DOCUMENTATION_COMMENTS = YES;
				CLANG_WARN_EMPTY_BODY = YES;
				CLANG_WARN_ENUM_CONVERSION = YES;
				CLANG_WARN_INFINITE_RECURSION = YES;
				CLANG_WARN_INT_CONVERSION = YES;
				CLANG_WARN_NON_LITERAL_NULL_CONVERSION = YES;
				CLANG_WARN_OBJC_IMPLICIT_RETAIN_SELF = YES;
				CLANG_WARN_OBJC_LITERAL_CONVERSION = YES;
				CLANG_WARN_OBJC_ROOT_CLASS = YES_ERROR;
				CLANG_WARN_RANGE_LOOP_ANALYSIS = YES;
				CLANG_WARN_STRICT_PROTOTYPES = YES;
				CLANG_WARN_SUSPICIOUS_MOVE = YES;
				CLANG_WARN_UNGUARDED_AVAILABILITY = YES_AGGRESSIVE;
				CLANG_WARN_UNREACHABLE_CODE = YES;
				CLANG_WARN__DUPLICATE_METHOD_MATCH = YES;
				COPY_PHASE_STRIP = NO;
				DEBUG_INFORMATION_FORMAT = "dwarf-with-dsym";
				ENABLE_NS_ASSERTIONS = NO;
				ENABLE_STRICT_OBJC_MSGSEND = YES;
				GCC_C_LANGUAGE_STANDARD = gnu11;
				GCC_NO_COMMON_BLOCKS = YES;
				GCC_WARN_64_TO_32_BIT_CONVERSION = YES;
				GCC_WARN_ABOUT_RETURN_TYPE = YES_ERROR;
				GCC_WARN_UNDECLARED_SELECTOR = YES;
				GCC_WARN_UNINITIALIZED_AUTOS = YES_AGGRESSIVE;
				GCC_WARN_UNUSED_FUNCTION = YES;
				GCC_WARN_UNUSED_VARIABLE = YES;
				IPHONEOS_DEPLOYMENT_TARGET = 13.2;
				MTL_ENABLE_DEBUG_INFO = NO;
				MTL_FAST_MATH = YES;
				SDKROOT = iphoneos;
				SWIFT_COMPILATION_MODE = wholemodule;
				SWIFT_OPTIMIZATION_LEVEL = "-O";
				VALIDATE_PRODUCT = YES;
			};
			name = Release;
		};
		85DB72FE24B0719500F9CFE9 /* Debug */ = {
			isa = XCBuildConfiguration;
			buildSettings = {
				ASSETCATALOG_COMPILER_APPICON_NAME = AppIcon;
				CODE_SIGN_STYLE = Automatic;
				DEVELOPMENT_TEAM = HN3QP72JH2;
				INFOPLIST_FILE = Instagram_profile/Info.plist;
				LD_RUNPATH_SEARCH_PATHS = (
					"$(inherited)",
					"@executable_path/Frameworks",
				);
				PRODUCT_BUNDLE_IDENTIFIER = "com.issey.Instagram-profile";
				PRODUCT_NAME = "$(TARGET_NAME)";
				SWIFT_VERSION = 5.0;
				TARGETED_DEVICE_FAMILY = "1,2";
			};
			name = Debug;
		};
		85DB72FF24B0719500F9CFE9 /* Release */ = {
			isa = XCBuildConfiguration;
			buildSettings = {
				ASSETCATALOG_COMPILER_APPICON_NAME = AppIcon;
				CODE_SIGN_STYLE = Automatic;
				DEVELOPMENT_TEAM = HN3QP72JH2;
				INFOPLIST_FILE = Instagram_profile/Info.plist;
				LD_RUNPATH_SEARCH_PATHS = (
					"$(inherited)",
					"@executable_path/Frameworks",
				);
				PRODUCT_BUNDLE_IDENTIFIER = "com.issey.Instagram-profile";
				PRODUCT_NAME = "$(TARGET_NAME)";
				SWIFT_VERSION = 5.0;
				TARGETED_DEVICE_FAMILY = "1,2";
			};
			name = Release;
		};
/* End XCBuildConfiguration section */

/* Begin XCConfigurationList section */
		85DB72E424B0719300F9CFE9 /* Build configuration list for PBXProject "Instagram_profile" */ = {
			isa = XCConfigurationList;
			buildConfigurations = (
				85DB72FB24B0719500F9CFE9 /* Debug */,
				85DB72FC24B0719500F9CFE9 /* Release */,
			);
			defaultConfigurationIsVisible = 0;
			defaultConfigurationName = Release;
		};
		85DB72FD24B0719500F9CFE9 /* Build configuration list for PBXNativeTarget "Instagram_profile" */ = {
			isa = XCConfigurationList;
			buildConfigurations = (
				85DB72FE24B0719500F9CFE9 /* Debug */,
				85DB72FF24B0719500F9CFE9 /* Release */,
			);
			defaultConfigurationIsVisible = 0;
			defaultConfigurationName = Release;
		};
/* End XCConfigurationList section */
	};
	rootObject = 85DB72E124B0719300F9CFE9 /* Project object */;
}
